// !$*UTF8*$!
{
	archiveVersion = 1;
	classes = {
	};
	objectVersion = 50;
	objects = {

/* Begin PBXBuildFile section */
		979DC2A22703E7EC000C6758 /* sampleAppApp.swift in Sources */ = {isa = PBXBuildFile; fileRef = 979DC2A12703E7EC000C6758 /* sampleAppApp.swift */; };
		979DC2A42703E7EC000C6758 /* ContentView.swift in Sources */ = {isa = PBXBuildFile; fileRef = 979DC2A32703E7EC000C6758 /* ContentView.swift */; };
		979DC2A62703E7ED000C6758 /* Assets.xcassets in Resources */ = {isa = PBXBuildFile; fileRef = 979DC2A52703E7ED000C6758 /* Assets.xcassets */; };
		979DC2A92703E7ED000C6758 /* Preview Assets.xcassets in Resources */ = {isa = PBXBuildFile; fileRef = 979DC2A82703E7ED000C6758 /* Preview Assets.xcassets */; };
		979DC2B42703E7ED000C6758 /* sampleAppTests.swift in Sources */ = {isa = PBXBuildFile; fileRef = 979DC2B32703E7ED000C6758 /* sampleAppTests.swift */; };
		979DC2BF2703E7ED000C6758 /* sampleAppUITests.swift in Sources */ = {isa = PBXBuildFile; fileRef = 979DC2BE2703E7ED000C6758 /* sampleAppUITests.swift */; };
/* End PBXBuildFile section */

/* Begin PBXContainerItemProxy section */
		979DC2B02703E7ED000C6758 /* PBXContainerItemProxy */ = {
			isa = PBXContainerItemProxy;
			containerPortal = 979DC2962703E7EC000C6758 /* Project object */;
			proxyType = 1;
			remoteGlobalIDString = 979DC29D2703E7EC000C6758;
			remoteInfo = sampleApp;
		};
		979DC2BB2703E7ED000C6758 /* PBXContainerItemProxy */ = {
			isa = PBXContainerItemProxy;
			containerPortal = 979DC2962703E7EC000C6758 /* Project object */;
			proxyType = 1;
			remoteGlobalIDString = 979DC29D2703E7EC000C6758;
			remoteInfo = sampleApp;
		};
/* End PBXContainerItemProxy section */

/* Begin PBXFileReference section */
		979DC29E2703E7EC000C6758 /* sampleApp.app */ = {isa = PBXFileReference; explicitFileType = wrapper.application; includeInIndex = 0; path = sampleApp.app; sourceTree = BUILT_PRODUCTS_DIR; };
		979DC2A12703E7EC000C6758 /* sampleAppApp.swift */ = {isa = PBXFileReference; lastKnownFileType = sourcecode.swift; path = sampleAppApp.swift; sourceTree = "<group>"; };
		979DC2A32703E7EC000C6758 /* ContentView.swift */ = {isa = PBXFileReference; lastKnownFileType = sourcecode.swift; path = ContentView.swift; sourceTree = "<group>"; };
		979DC2A52703E7ED000C6758 /* Assets.xcassets */ = {isa = PBXFileReference; lastKnownFileType = folder.assetcatalog; path = Assets.xcassets; sourceTree = "<group>"; };
		979DC2A82703E7ED000C6758 /* Preview Assets.xcassets */ = {isa = PBXFileReference; lastKnownFileType = folder.assetcatalog; path = "Preview Assets.xcassets"; sourceTree = "<group>"; };
		979DC2AA2703E7ED000C6758 /* Info.plist */ = {isa = PBXFileReference; lastKnownFileType = text.plist.xml; path = Info.plist; sourceTree = "<group>"; };
		979DC2AF2703E7ED000C6758 /* sampleAppTests.xctest */ = {isa = PBXFileReference; explicitFileType = wrapper.cfbundle; includeInIndex = 0; path = sampleAppTests.xctest; sourceTree = BUILT_PRODUCTS_DIR; };
		979DC2B32703E7ED000C6758 /* sampleAppTests.swift */ = {isa = PBXFileReference; lastKnownFileType = sourcecode.swift; path = sampleAppTests.swift; sourceTree = "<group>"; };
		979DC2B52703E7ED000C6758 /* Info.plist */ = {isa = PBXFileReference; lastKnownFileType = text.plist.xml; path = Info.plist; sourceTree = "<group>"; };
		979DC2BA2703E7ED000C6758 /* sampleAppUITests.xctest */ = {isa = PBXFileReference; explicitFileType = wrapper.cfbundle; includeInIndex = 0; path = sampleAppUITests.xctest; sourceTree = BUILT_PRODUCTS_DIR; };
		979DC2BE2703E7ED000C6758 /* sampleAppUITests.swift */ = {isa = PBXFileReference; lastKnownFileType = sourcecode.swift; path = sampleAppUITests.swift; sourceTree = "<group>"; };
		979DC2C02703E7ED000C6758 /* Info.plist */ = {isa = PBXFileReference; lastKnownFileType = text.plist.xml; path = Info.plist; sourceTree = "<group>"; };
/* End PBXFileReference section */

/* Begin PBXFrameworksBuildPhase section */
		979DC29B2703E7EC000C6758 /* Frameworks */ = {
			isa = PBXFrameworksBuildPhase;
			buildActionMask = 2147483647;
			files = (
			);
			runOnlyForDeploymentPostprocessing = 0;
		};
		979DC2AC2703E7ED000C6758 /* Frameworks */ = {
			isa = PBXFrameworksBuildPhase;
			buildActionMask = 2147483647;
			files = (
			);
			runOnlyForDeploymentPostprocessing = 0;
		};
		979DC2B72703E7ED000C6758 /* Frameworks */ = {
			isa = PBXFrameworksBuildPhase;
			buildActionMask = 2147483647;
			files = (
			);
			runOnlyForDeploymentPostprocessing = 0;
		};
/* End PBXFrameworksBuildPhase section */

/* Begin PBXGroup section */
		979DC2952703E7EC000C6758 = {
			isa = PBXGroup;
			children = (
				979DC2A02703E7EC000C6758 /* sampleApp */,
				979DC2B22703E7ED000C6758 /* sampleAppTests */,
				979DC2BD2703E7ED000C6758 /* sampleAppUITests */,
				979DC29F2703E7EC000C6758 /* Products */,
			);
			sourceTree = "<group>";
		};
		979DC29F2703E7EC000C6758 /* Products */ = {
			isa = PBXGroup;
			children = (
				979DC29E2703E7EC000C6758 /* sampleApp.app */,
				979DC2AF2703E7ED000C6758 /* sampleAppTests.xctest */,
				979DC2BA2703E7ED000C6758 /* sampleAppUITests.xctest */,
			);
			name = Products;
			sourceTree = "<group>";
		};
		979DC2A02703E7EC000C6758 /* sampleApp */ = {
			isa = PBXGroup;
			children = (
				979DC2A12703E7EC000C6758 /* sampleAppApp.swift */,
				979DC2A32703E7EC000C6758 /* ContentView.swift */,
				979DC2A52703E7ED000C6758 /* Assets.xcassets */,
				979DC2AA2703E7ED000C6758 /* Info.plist */,
				979DC2A72703E7ED000C6758 /* Preview Content */,
			);
			path = sampleApp;
			sourceTree = "<group>";
		};
		979DC2A72703E7ED000C6758 /* Preview Content */ = {
			isa = PBXGroup;
			children = (
				979DC2A82703E7ED000C6758 /* Preview Assets.xcassets */,
			);
			path = "Preview Content";
			sourceTree = "<group>";
		};
		979DC2B22703E7ED000C6758 /* sampleAppTests */ = {
			isa = PBXGroup;
			children = (
				979DC2B32703E7ED000C6758 /* sampleAppTests.swift */,
				979DC2B52703E7ED000C6758 /* Info.plist */,
			);
			path = sampleAppTests;
			sourceTree = "<group>";
		};
		979DC2BD2703E7ED000C6758 /* sampleAppUITests */ = {
			isa = PBXGroup;
			children = (
				979DC2BE2703E7ED000C6758 /* sampleAppUITests.swift */,
				979DC2C02703E7ED000C6758 /* Info.plist */,
			);
			path = sampleAppUITests;
			sourceTree = "<group>";
		};
/* End PBXGroup section */

/* Begin PBXNativeTarget section */
		979DC29D2703E7EC000C6758 /* sampleApp */ = {
			isa = PBXNativeTarget;
			buildConfigurationList = 979DC2C32703E7ED000C6758 /* Build configuration list for PBXNativeTarget "sampleApp" */;
			buildPhases = (
				979DC29A2703E7EC000C6758 /* Sources */,
				979DC29B2703E7EC000C6758 /* Frameworks */,
				979DC29C2703E7EC000C6758 /* Resources */,
			);
			buildRules = (
			);
			dependencies = (
			);
			name = sampleApp;
			productName = sampleApp;
			productReference = 979DC29E2703E7EC000C6758 /* sampleApp.app */;
			productType = "com.apple.product-type.application";
		};
		979DC2AE2703E7ED000C6758 /* sampleAppTests */ = {
			isa = PBXNativeTarget;
			buildConfigurationList = 979DC2C62703E7ED000C6758 /* Build configuration list for PBXNativeTarget "sampleAppTests" */;
			buildPhases = (
				979DC2AB2703E7ED000C6758 /* Sources */,
				979DC2AC2703E7ED000C6758 /* Frameworks */,
				979DC2AD2703E7ED000C6758 /* Resources */,
			);
			buildRules = (
			);
			dependencies = (
				979DC2B12703E7ED000C6758 /* PBXTargetDependency */,
			);
			name = sampleAppTests;
			productName = sampleAppTests;
			productReference = 979DC2AF2703E7ED000C6758 /* sampleAppTests.xctest */;
			productType = "com.apple.product-type.bundle.unit-test";
		};
		979DC2B92703E7ED000C6758 /* sampleAppUITests */ = {
			isa = PBXNativeTarget;
			buildConfigurationList = 979DC2C92703E7ED000C6758 /* Build configuration list for PBXNativeTarget "sampleAppUITests" */;
			buildPhases = (
				979DC2B62703E7ED000C6758 /* Sources */,
				979DC2B72703E7ED000C6758 /* Frameworks */,
				979DC2B82703E7ED000C6758 /* Resources */,
			);
			buildRules = (
			);
			dependencies = (
				979DC2BC2703E7ED000C6758 /* PBXTargetDependency */,
			);
			name = sampleAppUITests;
			productName = sampleAppUITests;
			productReference = 979DC2BA2703E7ED000C6758 /* sampleAppUITests.xctest */;
			productType = "com.apple.product-type.bundle.ui-testing";
		};
/* End PBXNativeTarget section */

/* Begin PBXProject section */
		979DC2962703E7EC000C6758 /* Project object */ = {
			isa = PBXProject;
			attributes = {
				LastSwiftUpdateCheck = 1250;
				LastUpgradeCheck = 1250;
				TargetAttributes = {
					979DC29D2703E7EC000C6758 = {
						CreatedOnToolsVersion = 12.5.1;
					};
					979DC2AE2703E7ED000C6758 = {
						CreatedOnToolsVersion = 12.5.1;
						TestTargetID = 979DC29D2703E7EC000C6758;
					};
					979DC2B92703E7ED000C6758 = {
						CreatedOnToolsVersion = 12.5.1;
						TestTargetID = 979DC29D2703E7EC000C6758;
					};
				};
			};
			buildConfigurationList = 979DC2992703E7EC000C6758 /* Build configuration list for PBXProject "sampleApp" */;
			compatibilityVersion = "Xcode 9.3";
			developmentRegion = en;
			hasScannedForEncodings = 0;
			knownRegions = (
				en,
				Base,
			);
			mainGroup = 979DC2952703E7EC000C6758;
			productRefGroup = 979DC29F2703E7EC000C6758 /* Products */;
			projectDirPath = "";
			projectRoot = "";
			targets = (
				979DC29D2703E7EC000C6758 /* sampleApp */,
				979DC2AE2703E7ED000C6758 /* sampleAppTests */,
				979DC2B92703E7ED000C6758 /* sampleAppUITests */,
			);
		};
/* End PBXProject section */

/* Begin PBXResourcesBuildPhase section */
		979DC29C2703E7EC000C6758 /* Resources */ = {
			isa = PBXResourcesBuildPhase;
			buildActionMask = 2147483647;
			files = (
				979DC2A92703E7ED000C6758 /* Preview Assets.xcassets in Resources */,
				979DC2A62703E7ED000C6758 /* Assets.xcassets in Resources */,
			);
			runOnlyForDeploymentPostprocessing = 0;
		};
		979DC2AD2703E7ED000C6758 /* Resources */ = {
			isa = PBXResourcesBuildPhase;
			buildActionMask = 2147483647;
			files = (
			);
			runOnlyForDeploymentPostprocessing = 0;
		};
		979DC2B82703E7ED000C6758 /* Resources */ = {
			isa = PBXResourcesBuildPhase;
			buildActionMask = 2147483647;
			files = (
			);
			runOnlyForDeploymentPostprocessing = 0;
		};
/* End PBXResourcesBuildPhase section */

/* Begin PBXSourcesBuildPhase section */
		979DC29A2703E7EC000C6758 /* Sources */ = {
			isa = PBXSourcesBuildPhase;
			buildActionMask = 2147483647;
			files = (
				979DC2A42703E7EC000C6758 /* ContentView.swift in Sources */,
				979DC2A22703E7EC000C6758 /* sampleAppApp.swift in Sources */,
			);
			runOnlyForDeploymentPostprocessing = 0;
		};
		979DC2AB2703E7ED000C6758 /* Sources */ = {
			isa = PBXSourcesBuildPhase;
			buildActionMask = 2147483647;
			files = (
				979DC2B42703E7ED000C6758 /* sampleAppTests.swift in Sources */,
			);
			runOnlyForDeploymentPostprocessing = 0;
		};
		979DC2B62703E7ED000C6758 /* Sources */ = {
			isa = PBXSourcesBuildPhase;
			buildActionMask = 2147483647;
			files = (
				979DC2BF2703E7ED000C6758 /* sampleAppUITests.swift in Sources */,
			);
			runOnlyForDeploymentPostprocessing = 0;
		};
/* End PBXSourcesBuildPhase section */

/* Begin PBXTargetDependency section */
		979DC2B12703E7ED000C6758 /* PBXTargetDependency */ = {
			isa = PBXTargetDependency;
			target = 979DC29D2703E7EC000C6758 /* sampleApp */;
			targetProxy = 979DC2B02703E7ED000C6758 /* PBXContainerItemProxy */;
		};
		979DC2BC2703E7ED000C6758 /* PBXTargetDependency */ = {
			isa = PBXTargetDependency;
			target = 979DC29D2703E7EC000C6758 /* sampleApp */;
			targetProxy = 979DC2BB2703E7ED000C6758 /* PBXContainerItemProxy */;
		};
/* End PBXTargetDependency section */

/* Begin XCBuildConfiguration section */
		979DC2C12703E7ED000C6758 /* Debug */ = {
			isa = XCBuildConfiguration;
			buildSettings = {
				ALWAYS_SEARCH_USER_PATHS = NO;
				CLANG_ANALYZER_NONNULL = YES;
				CLANG_ANALYZER_NUMBER_OBJECT_CONVERSION = YES_AGGRESSIVE;
				CLANG_CXX_LANGUAGE_STANDARD = "gnu++14";
				CLANG_CXX_LIBRARY = "libc++";
				CLANG_ENABLE_MODULES = YES;
				CLANG_ENABLE_OBJC_ARC = YES;
				CLANG_ENABLE_OBJC_WEAK = YES;
				CLANG_WARN_BLOCK_CAPTURE_AUTORELEASING = YES;
				CLANG_WARN_BOOL_CONVERSION = YES;
				CLANG_WARN_COMMA = YES;
				CLANG_WARN_CONSTANT_CONVERSION = YES;
				CLANG_WARN_DEPRECATED_OBJC_IMPLEMENTATIONS = YES;
				CLANG_WARN_DIRECT_OBJC_ISA_USAGE = YES_ERROR;
				CLANG_WARN_DOCUMENTATION_COMMENTS = YES;
				CLANG_WARN_EMPTY_BODY = YES;
				CLANG_WARN_ENUM_CONVERSION = YES;
				CLANG_WARN_INFINITE_RECURSION = YES;
				CLANG_WARN_INT_CONVERSION = YES;
				CLANG_WARN_NON_LITERAL_NULL_CONVERSION = YES;
				CLANG_WARN_OBJC_IMPLICIT_RETAIN_SELF = YES;
				CLANG_WARN_OBJC_LITERAL_CONVERSION = YES;
				CLANG_WARN_OBJC_ROOT_CLASS = YES_ERROR;
				CLANG_WARN_QUOTED_INCLUDE_IN_FRAMEWORK_HEADER = YES;
				CLANG_WARN_RANGE_LOOP_ANALYSIS = YES;
				CLANG_WARN_STRICT_PROTOTYPES = YES;
				CLANG_WARN_SUSPICIOUS_MOVE = YES;
				CLANG_WARN_UNGUARDED_AVAILABILITY = YES_AGGRESSIVE;
				CLANG_WARN_UNREACHABLE_CODE = YES;
				CLANG_WARN__DUPLICATE_METHOD_MATCH = YES;
				COPY_PHASE_STRIP = NO;
				DEBUG_INFORMATION_FORMAT = dwarf;
				ENABLE_STRICT_OBJC_MSGSEND = YES;
				ENABLE_TESTABILITY = YES;
				GCC_C_LANGUAGE_STANDARD = gnu11;
				GCC_DYNAMIC_NO_PIC = NO;
				GCC_NO_COMMON_BLOCKS = YES;
				GCC_OPTIMIZATION_LEVEL = 0;
				GCC_PREPROCESSOR_DEFINITIONS = (
					"DEBUG=1",
					"$(inherited)",
				);
				GCC_WARN_64_TO_32_BIT_CONVERSION = YES;
				GCC_WARN_ABOUT_RETURN_TYPE = YES_ERROR;
				GCC_WARN_UNDECLARED_SELECTOR = YES;
				GCC_WARN_UNINITIALIZED_AUTOS = YES_AGGRESSIVE;
				GCC_WARN_UNUSED_FUNCTION = YES;
				GCC_WARN_UNUSED_VARIABLE = YES;
				IPHONEOS_DEPLOYMENT_TARGET = 14.5;
				MTL_ENABLE_DEBUG_INFO = INCLUDE_SOURCE;
				MTL_FAST_MATH = YES;
				ONLY_ACTIVE_ARCH = YES;
				SDKROOT = iphoneos;
				SWIFT_ACTIVE_COMPILATION_CONDITIONS = DEBUG;
				SWIFT_OPTIMIZATION_LEVEL = "-Onone";
			};
			name = Debug;
		};
		979DC2C22703E7ED000C6758 /* Release */ = {
			isa = XCBuildConfiguration;
			buildSettings = {
				ALWAYS_SEARCH_USER_PATHS = NO;
				CLANG_ANALYZER_NONNULL = YES;
				CLANG_ANALYZER_NUMBER_OBJECT_CONVERSION = YES_AGGRESSIVE;
				CLANG_CXX_LANGUAGE_STANDARD = "gnu++14";
				CLANG_CXX_LIBRARY = "libc++";
				CLANG_ENABLE_MODULES = YES;
				CLANG_ENABLE_OBJC_ARC = YES;
				CLANG_ENABLE_OBJC_WEAK = YES;
				CLANG_WARN_BLOCK_CAPTURE_AUTORELEASING = YES;
				CLANG_WARN_BOOL_CONVERSION = YES;
				CLANG_WARN_COMMA = YES;
				CLANG_WARN_CONSTANT_CONVERSION = YES;
				CLANG_WARN_DEPRECATED_OBJC_IMPLEMENTATIONS = YES;
				CLANG_WARN_DIRECT_OBJC_ISA_USAGE = YES_ERROR;
				CLANG_WARN_DOCUMENTATION_COMMENTS = YES;
				CLANG_WARN_EMPTY_BODY = YES;
				CLANG_WARN_ENUM_CONVERSION = YES;
				CLANG_WARN_INFINITE_RECURSION = YES;
				CLANG_WARN_INT_CONVERSION = YES;
				CLANG_WARN_NON_LITERAL_NULL_CONVERSION = YES;
				CLANG_WARN_OBJC_IMPLICIT_RETAIN_SELF = YES;
				CLANG_WARN_OBJC_LITERAL_CONVERSION = YES;
				CLANG_WARN_OBJC_ROOT_CLASS = YES_ERROR;
				CLANG_WARN_QUOTED_INCLUDE_IN_FRAMEWORK_HEADER = YES;
				CLANG_WARN_RANGE_LOOP_ANALYSIS = YES;
				CLANG_WARN_STRICT_PROTOTYPES = YES;
				CLANG_WARN_SUSPICIOUS_MOVE = YES;
				CLANG_WARN_UNGUARDED_AVAILABILITY = YES_AGGRESSIVE;
				CLANG_WARN_UNREACHABLE_CODE = YES;
				CLANG_WARN__DUPLICATE_METHOD_MATCH = YES;
				COPY_PHASE_STRIP = NO;
				DEBUG_INFORMATION_FORMAT = "dwarf-with-dsym";
				ENABLE_NS_ASSERTIONS = NO;
				ENABLE_STRICT_OBJC_MSGSEND = YES;
				GCC_C_LANGUAGE_STANDARD = gnu11;
				GCC_NO_COMMON_BLOCKS = YES;
				GCC_WARN_64_TO_32_BIT_CONVERSION = YES;
				GCC_WARN_ABOUT_RETURN_TYPE = YES_ERROR;
				GCC_WARN_UNDECLARED_SELECTOR = YES;
				GCC_WARN_UNINITIALIZED_AUTOS = YES_AGGRESSIVE;
				GCC_WARN_UNUSED_FUNCTION = YES;
				GCC_WARN_UNUSED_VARIABLE = YES;
				IPHONEOS_DEPLOYMENT_TARGET = 14.5;
				MTL_ENABLE_DEBUG_INFO = NO;
				MTL_FAST_MATH = YES;
				SDKROOT = iphoneos;
				SWIFT_COMPILATION_MODE = wholemodule;
				SWIFT_OPTIMIZATION_LEVEL = "-O";
				VALIDATE_PRODUCT = YES;
			};
			name = Release;
		};
		979DC2C42703E7ED000C6758 /* Debug */ = {
			isa = XCBuildConfiguration;
			buildSettings = {
				ASSETCATALOG_COMPILER_APPICON_NAME = AppIcon;
				ASSETCATALOG_COMPILER_GLOBAL_ACCENT_COLOR_NAME = AccentColor;
				CODE_SIGN_STYLE = Automatic;
				DEVELOPMENT_ASSET_PATHS = "\"sampleApp/Preview Content\"";
				ENABLE_PREVIEWS = YES;
				INFOPLIST_FILE = sampleApp/Info.plist;
				IPHONEOS_DEPLOYMENT_TARGET = 14.0;
				LD_RUNPATH_SEARCH_PATHS = (
					"$(inherited)",
					"@executable_path/Frameworks",
				);
				PRODUCT_BUNDLE_IDENTIFIER = com.ios.bnk.sampleApp;
				PRODUCT_NAME = "$(TARGET_NAME)";
				SWIFT_VERSION = 5.0;
				TARGETED_DEVICE_FAMILY = "1,2";
			};
			name = Debug;
		};
		979DC2C52703E7ED000C6758 /* Release */ = {
			isa = XCBuildConfiguration;
			buildSettings = {
				ASSETCATALOG_COMPILER_APPICON_NAME = AppIcon;
				ASSETCATALOG_COMPILER_GLOBAL_ACCENT_COLOR_NAME = AccentColor;
				CODE_SIGN_STYLE = Automatic;
				DEVELOPMENT_ASSET_PATHS = "\"sampleApp/Preview Content\"";
				ENABLE_PREVIEWS = YES;
				INFOPLIST_FILE = sampleApp/Info.plist;
				IPHONEOS_DEPLOYMENT_TARGET = 14.0;
				LD_RUNPATH_SEARCH_PATHS = (
					"$(inherited)",
					"@executable_path/Frameworks",
				);
				PRODUCT_BUNDLE_IDENTIFIER = com.ios.bnk.sampleApp;
				PRODUCT_NAME = "$(TARGET_NAME)";
				SWIFT_VERSION = 5.0;
				TARGETED_DEVICE_FAMILY = "1,2";
			};
			name = Release;
		};
		979DC2C72703E7ED000C6758 /* Debug */ = {
			isa = XCBuildConfiguration;
			buildSettings = {
				ALWAYS_EMBED_SWIFT_STANDARD_LIBRARIES = YES;
				BUNDLE_LOADER = "$(TEST_HOST)";
				CODE_SIGN_STYLE = Automatic;
				INFOPLIST_FILE = sampleAppTests/Info.plist;
				IPHONEOS_DEPLOYMENT_TARGET = 14.0;
				LD_RUNPATH_SEARCH_PATHS = (
					"$(inherited)",
					"@executable_path/Frameworks",
					"@loader_path/Frameworks",
				);
				PRODUCT_BUNDLE_IDENTIFIER = com.ios.bnk.sampleAppTests;
				PRODUCT_NAME = "$(TARGET_NAME)";
				SWIFT_VERSION = 5.0;
				TARGETED_DEVICE_FAMILY = "1,2";
				TEST_HOST = "$(BUILT_PRODUCTS_DIR)/sampleApp.app/sampleApp";
			};
			name = Debug;
		};
		979DC2C82703E7ED000C6758 /* Release */ = {
			isa = XCBuildConfiguration;
			buildSettings = {
				ALWAYS_EMBED_SWIFT_STANDARD_LIBRARIES = YES;
				BUNDLE_LOADER = "$(TEST_HOST)";
				CODE_SIGN_STYLE = Automatic;
				INFOPLIST_FILE = sampleAppTests/Info.plist;
				IPHONEOS_DEPLOYMENT_TARGET = 14.0;
				LD_RUNPATH_SEARCH_PATHS = (
					"$(inherited)",
					"@executable_path/Frameworks",
					"@loader_path/Frameworks",
				);
				PRODUCT_BUNDLE_IDENTIFIER = com.ios.bnk.sampleAppTests;
				PRODUCT_NAME = "$(TARGET_NAME)";
				SWIFT_VERSION = 5.0;
				TARGETED_DEVICE_FAMILY = "1,2";
				TEST_HOST = "$(BUILT_PRODUCTS_DIR)/sampleApp.app/sampleApp";
			};
			name = Release;
		};
		979DC2CA2703E7ED000C6758 /* Debug */ = {
			isa = XCBuildConfiguration;
			buildSettings = {
				ALWAYS_EMBED_SWIFT_STANDARD_LIBRARIES = YES;
				CODE_SIGN_STYLE = Automatic;
				INFOPLIST_FILE = sampleAppUITests/Info.plist;
				LD_RUNPATH_SEARCH_PATHS = (
					"$(inherited)",
					"@executable_path/Frameworks",
					"@loader_path/Frameworks",
				);
				PRODUCT_BUNDLE_IDENTIFIER = com.ios.bnk.sampleAppUITests;
				PRODUCT_NAME = "$(TARGET_NAME)";
				SWIFT_VERSION = 5.0;
				TARGETED_DEVICE_FAMILY = "1,2";
				TEST_TARGET_NAME = sampleApp;
			};
			name = Debug;
		};
		979DC2CB2703E7ED000C6758 /* Release */ = {
			isa = XCBuildConfiguration;
			buildSettings = {
				ALWAYS_EMBED_SWIFT_STANDARD_LIBRARIES = YES;
				CODE_SIGN_STYLE = Automatic;
				INFOPLIST_FILE = sampleAppUITests/Info.plist;
				LD_RUNPATH_SEARCH_PATHS = (
					"$(inherited)",
					"@executable_path/Frameworks",
					"@loader_path/Frameworks",
				);
				PRODUCT_BUNDLE_IDENTIFIER = com.ios.bnk.sampleAppUITests;
				PRODUCT_NAME = "$(TARGET_NAME)";
				SWIFT_VERSION = 5.0;
				TARGETED_DEVICE_FAMILY = "1,2";
				TEST_TARGET_NAME = sampleApp;
			};
			name = Release;
		};
/* End XCBuildConfiguration section */

/* Begin XCConfigurationList section */
		979DC2992703E7EC000C6758 /* Build configuration list for PBXProject "sampleApp" */ = {
			isa = XCConfigurationList;
			buildConfigurations = (
				979DC2C12703E7ED000C6758 /* Debug */,
				979DC2C22703E7ED000C6758 /* Release */,
			);
			defaultConfigurationIsVisible = 0;
			defaultConfigurationName = Release;
		};
		979DC2C32703E7ED000C6758 /* Build configuration list for PBXNativeTarget "sampleApp" */ = {
			isa = XCConfigurationList;
			buildConfigurations = (
				979DC2C42703E7ED000C6758 /* Debug */,
				979DC2C52703E7ED000C6758 /* Release */,
			);
			defaultConfigurationIsVisible = 0;
			defaultConfigurationName = Release;
		};
		979DC2C62703E7ED000C6758 /* Build configuration list for PBXNativeTarget "sampleAppTests" */ = {
			isa = XCConfigurationList;
			buildConfigurations = (
				979DC2C72703E7ED000C6758 /* Debug */,
				979DC2C82703E7ED000C6758 /* Release */,
			);
			defaultConfigurationIsVisible = 0;
			defaultConfigurationName = Release;
		};
		979DC2C92703E7ED000C6758 /* Build configuration list for PBXNativeTarget "sampleAppUITests" */ = {
			isa = XCConfigurationList;
			buildConfigurations = (
				979DC2CA2703E7ED000C6758 /* Debug */,
				979DC2CB2703E7ED000C6758 /* Release */,
			);
			defaultConfigurationIsVisible = 0;
			defaultConfigurationName = Release;
		};
/* End XCConfigurationList section */
	};
	rootObject = 979DC2962703E7EC000C6758 /* Project object */;
}
